
Microsoft Visual Studio Solution File, Format Version 12.00
# Visual Studio Version 16
VisualStudioVersion = 16.0.32510.428
MinimumVisualStudioVersion = 10.0.40219.1
Project("{FAE04EC0-301F-11D3-BF4B-00C04F79EFBC}") = "ControlTemplateSample", "ControlTemplateSample.csproj", "{74BF0427-DAA3-4157-A79E-CC456603FCEF}"
EndProject
Global
	GlobalSection(SolutionConfigurationPlatforms) = preSolution
		Debug|Any CPU = Debug|Any CPU
		Release|Any CPU = Release|Any CPU
	EndGlobalSection
	GlobalSection(ProjectConfigurationPlatforms) = postSolution
		{74BF0427-DAA3-4157-A79E-CC456603FCEF}.Debug|Any CPU.ActiveCfg = Debug|Any CPU
		{74BF0427-DAA3-4157-A79E-CC456603FCEF}.Debug|Any CPU.Build.0 = Debug|Any CPU
		{74BF0427-DAA3-4157-A79E-CC456603FCEF}.Release|Any CPU.ActiveCfg = Release|Any CPU
		{74BF0427-DAA3-4157-A79E-CC456603FCEF}.Release|Any CPU.Build.0 = Release|Any CPU
	EndGlobalSection
	GlobalSection(SolutionProperties) = preSolution
		HideSolutionNode = FALSE
	EndGlobalSection
	GlobalSection(ExtensibilityGlobals) = postSolution
		SolutionGuid = {B0693205-1C6D-40B4-B71B-9B243797C599}
	EndGlobalSection
EndGlobal
